dependencies:
  dernasherbrezon/sx127x:
    component_hash: f4af5e6982ec28b9598253290c6e124eaf9cfdf2be451b96d78dec5a12de12de
    source:
      service_url: https://api.components.espressif.com/
      type: service
    version: 2.1.1
  idf:
    component_hash: null
    source:
      type: idf
    version: 5.2.0
manifest_hash: a226154f481cf505f330f52479ffb40919f95e76d0561b7101835890d578f71a
target: esp32
version: 1.0.0
